// !$*UTF8*$!
{
	archiveVersion = 1;
	classes = {
	};
	objectVersion = 46;
	objects = {

/* Begin PBXBuildFile section */
		1815B99E1D24BE10003E1BC8 /* GJJTakePhotoTabbarViewController.swift in Sources */ = {isa = PBXBuildFile; fileRef = 1815B99D1D24BE10003E1BC8 /* GJJTakePhotoTabbarViewController.swift */; };
		185B68581D23CF260095C60D /* GJJAboutViewController.swift in Sources */ = {isa = PBXBuildFile; fileRef = 185B68571D23CF260095C60D /* GJJAboutViewController.swift */; };
		185B685D1D23CF470095C60D /* GJJCenterViewController.swift in Sources */ = {isa = PBXBuildFile; fileRef = 185B685C1D23CF470095C60D /* GJJCenterViewController.swift */; };
		185B685F1D23CF580095C60D /* GJJFindViewController.swift in Sources */ = {isa = PBXBuildFile; fileRef = 185B685E1D23CF580095C60D /* GJJFindViewController.swift */; };
		185B68611D23CF660095C60D /* GJJInViewController.swift in Sources */ = {isa = PBXBuildFile; fileRef = 185B68601D23CF660095C60D /* GJJInViewController.swift */; };
		185B68671D23D00E0095C60D /* GJJTakePhotoViewController.swift in Sources */ = {isa = PBXBuildFile; fileRef = 185B68661D23D00E0095C60D /* GJJTakePhotoViewController.swift */; };
		188B87611D260F58007BBBDC /* GJJLaunchAdViewController.swift in Sources */ = {isa = PBXBuildFile; fileRef = 188B87601D260F58007BBBDC /* GJJLaunchAdViewController.swift */; };
		188B87631D26109C007BBBDC /* GJJLaunchAdView.swift in Sources */ = {isa = PBXBuildFile; fileRef = 188B87621D26109C007BBBDC /* GJJLaunchAdView.swift */; };
		18DB81531D22249000C3368E /* AppDelegate.swift in Sources */ = {isa = PBXBuildFile; fileRef = 18DB81521D22249000C3368E /* AppDelegate.swift */; };
		18DB815A1D22249100C3368E /* Assets.xcassets in Resources */ = {isa = PBXBuildFile; fileRef = 18DB81591D22249100C3368E /* Assets.xcassets */; };
		18DB815D1D22249100C3368E /* LaunchScreen.storyboard in Resources */ = {isa = PBXBuildFile; fileRef = 18DB815B1D22249100C3368E /* LaunchScreen.storyboard */; };
		18DB81681D22249100C3368E /* gjjinswiftTests.swift in Sources */ = {isa = PBXBuildFile; fileRef = 18DB81671D22249100C3368E /* gjjinswiftTests.swift */; };
		18DB81731D22249100C3368E /* gjjinswiftUITests.swift in Sources */ = {isa = PBXBuildFile; fileRef = 18DB81721D22249100C3368E /* gjjinswiftUITests.swift */; };
		18E90BF11D2A075C00E37715 /* GJJTabBarConfig.swift in Sources */ = {isa = PBXBuildFile; fileRef = 18E90BF01D2A075C00E37715 /* GJJTabBarConfig.swift */; };
/* End PBXBuildFile section */

/* Begin PBXContainerItemProxy section */
		18DB81641D22249100C3368E /* PBXContainerItemProxy */ = {
			isa = PBXContainerItemProxy;
			containerPortal = 18DB81471D22249000C3368E /* Project object */;
			proxyType = 1;
			remoteGlobalIDString = 18DB814E1D22249000C3368E;
			remoteInfo = gjjinswift;
		};
		18DB816F1D22249100C3368E /* PBXContainerItemProxy */ = {
			isa = PBXContainerItemProxy;
			containerPortal = 18DB81471D22249000C3368E /* Project object */;
			proxyType = 1;
			remoteGlobalIDString = 18DB814E1D22249000C3368E;
			remoteInfo = gjjinswift;
		};
/* End PBXContainerItemProxy section */

/* Begin PBXFileReference section */
		1815B99D1D24BE10003E1BC8 /* GJJTakePhotoTabbarViewController.swift */ = {isa = PBXFileReference; fileEncoding = 4; lastKnownFileType = sourcecode.swift; path = GJJTakePhotoTabbarViewController.swift; sourceTree = "<group>"; };
		185B68571D23CF260095C60D /* GJJAboutViewController.swift */ = {isa = PBXFileReference; fileEncoding = 4; lastKnownFileType = sourcecode.swift; path = GJJAboutViewController.swift; sourceTree = "<group>"; };
		185B685C1D23CF470095C60D /* GJJCenterViewController.swift */ = {isa = PBXFileReference; fileEncoding = 4; lastKnownFileType = sourcecode.swift; path = GJJCenterViewController.swift; sourceTree = "<group>"; };
		185B685E1D23CF580095C60D /* GJJFindViewController.swift */ = {isa = PBXFileReference; fileEncoding = 4; lastKnownFileType = sourcecode.swift; path = GJJFindViewController.swift; sourceTree = "<group>"; };
		185B68601D23CF660095C60D /* GJJInViewController.swift */ = {isa = PBXFileReference; fileEncoding = 4; lastKnownFileType = sourcecode.swift; path = GJJInViewController.swift; sourceTree = "<group>"; };
		185B68661D23D00E0095C60D /* GJJTakePhotoViewController.swift */ = {isa = PBXFileReference; fileEncoding = 4; lastKnownFileType = sourcecode.swift; path = GJJTakePhotoViewController.swift; sourceTree = "<group>"; };
		188B87601D260F58007BBBDC /* GJJLaunchAdViewController.swift */ = {isa = PBXFileReference; fileEncoding = 4; lastKnownFileType = sourcecode.swift; path = GJJLaunchAdViewController.swift; sourceTree = "<group>"; };
		188B87621D26109C007BBBDC /* GJJLaunchAdView.swift */ = {isa = PBXFileReference; fileEncoding = 4; lastKnownFileType = sourcecode.swift; path = GJJLaunchAdView.swift; sourceTree = "<group>"; };
		18DB814F1D22249000C3368E /* gjjinswift.app */ = {isa = PBXFileReference; explicitFileType = wrapper.application; includeInIndex = 0; path = gjjinswift.app; sourceTree = BUILT_PRODUCTS_DIR; };
		18DB81521D22249000C3368E /* AppDelegate.swift */ = {isa = PBXFileReference; lastKnownFileType = sourcecode.swift; path = AppDelegate.swift; sourceTree = "<group>"; };
		18DB81591D22249100C3368E /* Assets.xcassets */ = {isa = PBXFileReference; lastKnownFileType = folder.assetcatalog; path = Assets.xcassets; sourceTree = "<group>"; };
		18DB815C1D22249100C3368E /* Base */ = {isa = PBXFileReference; lastKnownFileType = file.storyboard; name = Base; path = Base.lproj/LaunchScreen.storyboard; sourceTree = "<group>"; };
		18DB815E1D22249100C3368E /* Info.plist */ = {isa = PBXFileReference; lastKnownFileType = text.plist.xml; path = Info.plist; sourceTree = "<group>"; };
		18DB81631D22249100C3368E /* gjjinswiftTests.xctest */ = {isa = PBXFileReference; explicitFileType = wrapper.cfbundle; includeInIndex = 0; path = gjjinswiftTests.xctest; sourceTree = BUILT_PRODUCTS_DIR; };
		18DB81671D22249100C3368E /* gjjinswiftTests.swift */ = {isa = PBXFileReference; lastKnownFileType = sourcecode.swift; path = gjjinswiftTests.swift; sourceTree = "<group>"; };
		18DB81691D22249100C3368E /* Info.plist */ = {isa = PBXFileReference; lastKnownFileType = text.plist.xml; path = Info.plist; sourceTree = "<group>"; };
		18DB816E1D22249100C3368E /* gjjinswiftUITests.xctest */ = {isa = PBXFileReference; explicitFileType = wrapper.cfbundle; includeInIndex = 0; path = gjjinswiftUITests.xctest; sourceTree = BUILT_PRODUCTS_DIR; };
		18DB81721D22249100C3368E /* gjjinswiftUITests.swift */ = {isa = PBXFileReference; lastKnownFileType = sourcecode.swift; path = gjjinswiftUITests.swift; sourceTree = "<group>"; };
		18DB81741D22249100C3368E /* Info.plist */ = {isa = PBXFileReference; lastKnownFileType = text.plist.xml; path = Info.plist; sourceTree = "<group>"; };
		18E90BF01D2A075C00E37715 /* GJJTabBarConfig.swift */ = {isa = PBXFileReference; fileEncoding = 4; lastKnownFileType = sourcecode.swift; name = GJJTabBarConfig.swift; path = Classes/GJJTabBarConfig.swift; sourceTree = "<group>"; };
/* End PBXFileReference section */

/* Begin PBXFrameworksBuildPhase section */
		18DB814C1D22249000C3368E /* Frameworks */ = {
			isa = PBXFrameworksBuildPhase;
			buildActionMask = 2147483647;
			files = (
			);
			runOnlyForDeploymentPostprocessing = 0;
		};
		18DB81601D22249100C3368E /* Frameworks */ = {
			isa = PBXFrameworksBuildPhase;
			buildActionMask = 2147483647;
			files = (
			);
			runOnlyForDeploymentPostprocessing = 0;
		};
		18DB816B1D22249100C3368E /* Frameworks */ = {
			isa = PBXFrameworksBuildPhase;
			buildActionMask = 2147483647;
			files = (
			);
			runOnlyForDeploymentPostprocessing = 0;
		};
/* End PBXFrameworksBuildPhase section */

/* Begin PBXGroup section */
		185B68491D23CE920095C60D /* Classes */ = {
			isa = PBXGroup;
			children = (
				188B875C1D260F32007BBBDC /* LaunchAd */,
				185B68621D23CFA60095C60D /* TakePhoto */,
				185B684A1D23CE920095C60D /* About */,
				185B684E1D23CE920095C60D /* Center */,
				185B684F1D23CE920095C60D /* Find */,
				185B68531D23CE920095C60D /* In */,
			);
			path = Classes;
			sourceTree = "<group>";
		};
		185B684A1D23CE920095C60D /* About */ = {
			isa = PBXGroup;
			children = (
				185B684B1D23CE920095C60D /* Controller */,
				185B684C1D23CE920095C60D /* Model */,
				185B684D1D23CE920095C60D /* View */,
			);
			path = About;
			sourceTree = "<group>";
		};
		185B684B1D23CE920095C60D /* Controller */ = {
			isa = PBXGroup;
			children = (
				185B68571D23CF260095C60D /* GJJAboutViewController.swift */,
			);
			path = Controller;
			sourceTree = "<group>";
		};
		185B684C1D23CE920095C60D /* Model */ = {
			isa = PBXGroup;
			children = (
			);
			path = Model;
			sourceTree = "<group>";
		};
		185B684D1D23CE920095C60D /* View */ = {
			isa = PBXGroup;
			children = (
			);
			path = View;
			sourceTree = "<group>";
		};
		185B684E1D23CE920095C60D /* Center */ = {
			isa = PBXGroup;
			children = (
				185B68591D23CF3B0095C60D /* Controller */,
				185B685A1D23CF3B0095C60D /* Model */,
				185B685B1D23CF3B0095C60D /* View */,
			);
			path = Center;
			sourceTree = "<group>";
		};
		185B684F1D23CE920095C60D /* Find */ = {
			isa = PBXGroup;
			children = (
				185B68501D23CE920095C60D /* Controller */,
				185B68511D23CE920095C60D /* Model */,
				185B68521D23CE920095C60D /* View */,
			);
			path = Find;
			sourceTree = "<group>";
		};
		185B68501D23CE920095C60D /* Controller */ = {
			isa = PBXGroup;
			children = (
				185B685E1D23CF580095C60D /* GJJFindViewController.swift */,
			);
			path = Controller;
			sourceTree = "<group>";
		};
		185B68511D23CE920095C60D /* Model */ = {
			isa = PBXGroup;
			children = (
			);
			path = Model;
			sourceTree = "<group>";
		};
		185B68521D23CE920095C60D /* View */ = {
			isa = PBXGroup;
			children = (
			);
			path = View;
			sourceTree = "<group>";
		};
		185B68531D23CE920095C60D /* In */ = {
			isa = PBXGroup;
			children = (
				185B68541D23CE920095C60D /* Controller */,
				185B68551D23CE920095C60D /* Model */,
				185B68561D23CE920095C60D /* View */,
			);
			path = In;
			sourceTree = "<group>";
		};
		185B68541D23CE920095C60D /* Controller */ = {
			isa = PBXGroup;
			children = (
				185B68601D23CF660095C60D /* GJJInViewController.swift */,
			);
			path = Controller;
			sourceTree = "<group>";
		};
		185B68551D23CE920095C60D /* Model */ = {
			isa = PBXGroup;
			children = (
			);
			path = Model;
			sourceTree = "<group>";
		};
		185B68561D23CE920095C60D /* View */ = {
			isa = PBXGroup;
			children = (
			);
			path = View;
			sourceTree = "<group>";
		};
		185B68591D23CF3B0095C60D /* Controller */ = {
			isa = PBXGroup;
			children = (
				185B685C1D23CF470095C60D /* GJJCenterViewController.swift */,
			);
			path = Controller;
			sourceTree = "<group>";
		};
		185B685A1D23CF3B0095C60D /* Model */ = {
			isa = PBXGroup;
			children = (
			);
			path = Model;
			sourceTree = "<group>";
		};
		185B685B1D23CF3B0095C60D /* View */ = {
			isa = PBXGroup;
			children = (
			);
			path = View;
			sourceTree = "<group>";
		};
		185B68621D23CFA60095C60D /* TakePhoto */ = {
			isa = PBXGroup;
			children = (
				185B68631D23CFA60095C60D /* Controller */,
				185B68641D23CFA60095C60D /* Model */,
				185B68651D23CFA60095C60D /* View */,
			);
			path = TakePhoto;
			sourceTree = "<group>";
		};
		185B68631D23CFA60095C60D /* Controller */ = {
			isa = PBXGroup;
			children = (
				185B68661D23D00E0095C60D /* GJJTakePhotoViewController.swift */,
				1815B99D1D24BE10003E1BC8 /* GJJTakePhotoTabbarViewController.swift */,
			);
			path = Controller;
			sourceTree = "<group>";
		};
		185B68641D23CFA60095C60D /* Model */ = {
			isa = PBXGroup;
			children = (
			);
			path = Model;
			sourceTree = "<group>";
		};
		185B68651D23CFA60095C60D /* View */ = {
			isa = PBXGroup;
			children = (
			);
			path = View;
			sourceTree = "<group>";
		};
		188B875C1D260F32007BBBDC /* LaunchAd */ = {
			isa = PBXGroup;
			children = (
				188B875D1D260F32007BBBDC /* Controller */,
				188B875E1D260F32007BBBDC /* Model */,
				188B875F1D260F32007BBBDC /* View */,
			);
			path = LaunchAd;
			sourceTree = "<group>";
		};
		188B875D1D260F32007BBBDC /* Controller */ = {
			isa = PBXGroup;
			children = (
				188B87601D260F58007BBBDC /* GJJLaunchAdViewController.swift */,
			);
			path = Controller;
			sourceTree = "<group>";
		};
		188B875E1D260F32007BBBDC /* Model */ = {
			isa = PBXGroup;
			children = (
			);
			path = Model;
			sourceTree = "<group>";
		};
		188B875F1D260F32007BBBDC /* View */ = {
			isa = PBXGroup;
			children = (
				188B87621D26109C007BBBDC /* GJJLaunchAdView.swift */,
			);
			path = View;
			sourceTree = "<group>";
		};
		18DB81461D22249000C3368E = {
			isa = PBXGroup;
			children = (
				18DB81511D22249000C3368E /* gjjinswift */,
				18DB81661D22249100C3368E /* gjjinswiftTests */,
				18DB81711D22249100C3368E /* gjjinswiftUITests */,
				18DB81501D22249000C3368E /* Products */,
			);
			sourceTree = "<group>";
		};
		18DB81501D22249000C3368E /* Products */ = {
			isa = PBXGroup;
			children = (
				18DB814F1D22249000C3368E /* gjjinswift.app */,
				18DB81631D22249100C3368E /* gjjinswiftTests.xctest */,
				18DB816E1D22249100C3368E /* gjjinswiftUITests.xctest */,
			);
			name = Products;
			sourceTree = "<group>";
		};
		18DB81511D22249000C3368E /* gjjinswift */ = {
			isa = PBXGroup;
			children = (
				185B68491D23CE920095C60D /* Classes */,
				18DB81521D22249000C3368E /* AppDelegate.swift */,
				18E90BF01D2A075C00E37715 /* GJJTabBarConfig.swift */,
				18DB81591D22249100C3368E /* Assets.xcassets */,
				18DB815B1D22249100C3368E /* LaunchScreen.storyboard */,
				18DB815E1D22249100C3368E /* Info.plist */,
			);
			path = gjjinswift;
			sourceTree = "<group>";
		};
		18DB81661D22249100C3368E /* gjjinswiftTests */ = {
			isa = PBXGroup;
			children = (
				18DB81671D22249100C3368E /* gjjinswiftTests.swift */,
				18DB81691D22249100C3368E /* Info.plist */,
			);
			path = gjjinswiftTests;
			sourceTree = "<group>";
		};
		18DB81711D22249100C3368E /* gjjinswiftUITests */ = {
			isa = PBXGroup;
			children = (
				18DB81721D22249100C3368E /* gjjinswiftUITests.swift */,
				18DB81741D22249100C3368E /* Info.plist */,
			);
			path = gjjinswiftUITests;
			sourceTree = "<group>";
		};
/* End PBXGroup section */

/* Begin PBXNativeTarget section */
		18DB814E1D22249000C3368E /* gjjinswift */ = {
			isa = PBXNativeTarget;
			buildConfigurationList = 18DB81771D22249100C3368E /* Build configuration list for PBXNativeTarget "gjjinswift" */;
			buildPhases = (
				18DB814B1D22249000C3368E /* Sources */,
				18DB814C1D22249000C3368E /* Frameworks */,
				18DB814D1D22249000C3368E /* Resources */,
			);
			buildRules = (
			);
			dependencies = (
			);
			name = gjjinswift;
			productName = gjjinswift;
			productReference = 18DB814F1D22249000C3368E /* gjjinswift.app */;
			productType = "com.apple.product-type.application";
		};
		18DB81621D22249100C3368E /* gjjinswiftTests */ = {
			isa = PBXNativeTarget;
			buildConfigurationList = 18DB817A1D22249100C3368E /* Build configuration list for PBXNativeTarget "gjjinswiftTests" */;
			buildPhases = (
				18DB815F1D22249100C3368E /* Sources */,
				18DB81601D22249100C3368E /* Frameworks */,
				18DB81611D22249100C3368E /* Resources */,
			);
			buildRules = (
			);
			dependencies = (
				18DB81651D22249100C3368E /* PBXTargetDependency */,
			);
			name = gjjinswiftTests;
			productName = gjjinswiftTests;
			productReference = 18DB81631D22249100C3368E /* gjjinswiftTests.xctest */;
			productType = "com.apple.product-type.bundle.unit-test";
		};
		18DB816D1D22249100C3368E /* gjjinswiftUITests */ = {
			isa = PBXNativeTarget;
			buildConfigurationList = 18DB817D1D22249100C3368E /* Build configuration list for PBXNativeTarget "gjjinswiftUITests" */;
			buildPhases = (
				18DB816A1D22249100C3368E /* Sources */,
				18DB816B1D22249100C3368E /* Frameworks */,
				18DB816C1D22249100C3368E /* Resources */,
			);
			buildRules = (
			);
			dependencies = (
				18DB81701D22249100C3368E /* PBXTargetDependency */,
			);
			name = gjjinswiftUITests;
			productName = gjjinswiftUITests;
			productReference = 18DB816E1D22249100C3368E /* gjjinswiftUITests.xctest */;
			productType = "com.apple.product-type.bundle.ui-testing";
		};
/* End PBXNativeTarget section */

/* Begin PBXProject section */
		18DB81471D22249000C3368E /* Project object */ = {
			isa = PBXProject;
			attributes = {
				CLASSPREFIX = GJJ;
				LastSwiftUpdateCheck = 0730;
				LastUpgradeCheck = 0800;
				ORGANIZATIONNAME = "QiaTu HangZhou";
				TargetAttributes = {
					18DB814E1D22249000C3368E = {
						CreatedOnToolsVersion = 7.3.1;
						DevelopmentTeam = L9FQ7MVK2K;
						DevelopmentTeamName = "佳杰 高 (Personal Team)";
						LastSwiftMigration = 0800;
					};
					18DB81621D22249100C3368E = {
						CreatedOnToolsVersion = 7.3.1;
						LastSwiftMigration = 0800;
						TestTargetID = 18DB814E1D22249000C3368E;
					};
					18DB816D1D22249100C3368E = {
						CreatedOnToolsVersion = 7.3.1;
						LastSwiftMigration = 0800;
						TestTargetID = 18DB814E1D22249000C3368E;
					};
				};
			};
			buildConfigurationList = 18DB814A1D22249000C3368E /* Build configuration list for PBXProject "gjjinswift" */;
			compatibilityVersion = "Xcode 3.2";
			developmentRegion = English;
			hasScannedForEncodings = 0;
			knownRegions = (
				en,
				Base,
			);
			mainGroup = 18DB81461D22249000C3368E;
			productRefGroup = 18DB81501D22249000C3368E /* Products */;
			projectDirPath = "";
			projectRoot = "";
			targets = (
				18DB814E1D22249000C3368E /* gjjinswift */,
				18DB81621D22249100C3368E /* gjjinswiftTests */,
				18DB816D1D22249100C3368E /* gjjinswiftUITests */,
			);
		};
/* End PBXProject section */

/* Begin PBXResourcesBuildPhase section */
		18DB814D1D22249000C3368E /* Resources */ = {
			isa = PBXResourcesBuildPhase;
			buildActionMask = 2147483647;
			files = (
				18DB815D1D22249100C3368E /* LaunchScreen.storyboard in Resources */,
				18DB815A1D22249100C3368E /* Assets.xcassets in Resources */,
			);
			runOnlyForDeploymentPostprocessing = 0;
		};
		18DB81611D22249100C3368E /* Resources */ = {
			isa = PBXResourcesBuildPhase;
			buildActionMask = 2147483647;
			files = (
			);
			runOnlyForDeploymentPostprocessing = 0;
		};
		18DB816C1D22249100C3368E /* Resources */ = {
			isa = PBXResourcesBuildPhase;
			buildActionMask = 2147483647;
			files = (
			);
			runOnlyForDeploymentPostprocessing = 0;
		};
/* End PBXResourcesBuildPhase section */

/* Begin PBXSourcesBuildPhase section */
		18DB814B1D22249000C3368E /* Sources */ = {
			isa = PBXSourcesBuildPhase;
			buildActionMask = 2147483647;
			files = (
				185B685D1D23CF470095C60D /* GJJCenterViewController.swift in Sources */,
				188B87631D26109C007BBBDC /* GJJLaunchAdView.swift in Sources */,
				185B685F1D23CF580095C60D /* GJJFindViewController.swift in Sources */,
				18E90BF11D2A075C00E37715 /* GJJTabBarConfig.swift in Sources */,
				1815B99E1D24BE10003E1BC8 /* GJJTakePhotoTabbarViewController.swift in Sources */,
				185B68581D23CF260095C60D /* GJJAboutViewController.swift in Sources */,
				188B87611D260F58007BBBDC /* GJJLaunchAdViewController.swift in Sources */,
				185B68611D23CF660095C60D /* GJJInViewController.swift in Sources */,
				185B68671D23D00E0095C60D /* GJJTakePhotoViewController.swift in Sources */,
				18DB81531D22249000C3368E /* AppDelegate.swift in Sources */,
			);
			runOnlyForDeploymentPostprocessing = 0;
		};
		18DB815F1D22249100C3368E /* Sources */ = {
			isa = PBXSourcesBuildPhase;
			buildActionMask = 2147483647;
			files = (
				18DB81681D22249100C3368E /* gjjinswiftTests.swift in Sources */,
			);
			runOnlyForDeploymentPostprocessing = 0;
		};
		18DB816A1D22249100C3368E /* Sources */ = {
			isa = PBXSourcesBuildPhase;
			buildActionMask = 2147483647;
			files = (
				18DB81731D22249100C3368E /* gjjinswiftUITests.swift in Sources */,
			);
			runOnlyForDeploymentPostprocessing = 0;
		};
/* End PBXSourcesBuildPhase section */

/* Begin PBXTargetDependency section */
		18DB81651D22249100C3368E /* PBXTargetDependency */ = {
			isa = PBXTargetDependency;
			target = 18DB814E1D22249000C3368E /* gjjinswift */;
			targetProxy = 18DB81641D22249100C3368E /* PBXContainerItemProxy */;
		};
		18DB81701D22249100C3368E /* PBXTargetDependency */ = {
			isa = PBXTargetDependency;
			target = 18DB814E1D22249000C3368E /* gjjinswift */;
			targetProxy = 18DB816F1D22249100C3368E /* PBXContainerItemProxy */;
		};
/* End PBXTargetDependency section */

/* Begin PBXVariantGroup section */
		18DB815B1D22249100C3368E /* LaunchScreen.storyboard */ = {
			isa = PBXVariantGroup;
			children = (
				18DB815C1D22249100C3368E /* Base */,
			);
			name = LaunchScreen.storyboard;
			sourceTree = "<group>";
		};
/* End PBXVariantGroup section */

/* Begin XCBuildConfiguration section */
		18DB81751D22249100C3368E /* Debug */ = {
			isa = XCBuildConfiguration;
			buildSettings = {
				ALWAYS_SEARCH_USER_PATHS = NO;
				CLANG_ANALYZER_NONNULL = YES;
				CLANG_CXX_LANGUAGE_STANDARD = "gnu++0x";
				CLANG_CXX_LIBRARY = "libc++";
				CLANG_ENABLE_MODULES = YES;
				CLANG_ENABLE_OBJC_ARC = YES;
				CLANG_WARN_BOOL_CONVERSION = YES;
				CLANG_WARN_CONSTANT_CONVERSION = YES;
				CLANG_WARN_DIRECT_OBJC_ISA_USAGE = YES_ERROR;
				CLANG_WARN_EMPTY_BODY = YES;
				CLANG_WARN_ENUM_CONVERSION = YES;
				CLANG_WARN_INT_CONVERSION = YES;
				CLANG_WARN_OBJC_ROOT_CLASS = YES_ERROR;
				CLANG_WARN_UNREACHABLE_CODE = YES;
				CLANG_WARN__DUPLICATE_METHOD_MATCH = YES;
				"CODE_SIGN_IDENTITY[sdk=iphoneos*]" = "iPhone Developer";
				COPY_PHASE_STRIP = NO;
				DEBUG_INFORMATION_FORMAT = dwarf;
				ENABLE_STRICT_OBJC_MSGSEND = YES;
				ENABLE_TESTABILITY = YES;
				GCC_C_LANGUAGE_STANDARD = gnu99;
				GCC_DYNAMIC_NO_PIC = NO;
				GCC_NO_COMMON_BLOCKS = YES;
				GCC_OPTIMIZATION_LEVEL = 0;
				GCC_PREPROCESSOR_DEFINITIONS = (
					"DEBUG=1",
					"$(inherited)",
				);
				GCC_WARN_64_TO_32_BIT_CONVERSION = YES;
				GCC_WARN_ABOUT_RETURN_TYPE = YES_ERROR;
				GCC_WARN_UNDECLARED_SELECTOR = YES;
				GCC_WARN_UNINITIALIZED_AUTOS = YES_AGGRESSIVE;
				GCC_WARN_UNUSED_FUNCTION = YES;
				GCC_WARN_UNUSED_VARIABLE = YES;
				IPHONEOS_DEPLOYMENT_TARGET = 10.0;
				MTL_ENABLE_DEBUG_INFO = YES;
				ONLY_ACTIVE_ARCH = YES;
				SDKROOT = iphoneos;
				SWIFT_OPTIMIZATION_LEVEL = "-Onone";
			};
			name = Debug;
		};
		18DB81761D22249100C3368E /* Release */ = {
			isa = XCBuildConfiguration;
			buildSettings = {
				ALWAYS_SEARCH_USER_PATHS = NO;
				CLANG_ANALYZER_NONNULL = YES;
				CLANG_CXX_LANGUAGE_STANDARD = "gnu++0x";
				CLANG_CXX_LIBRARY = "libc++";
				CLANG_ENABLE_MODULES = YES;
				CLANG_ENABLE_OBJC_ARC = YES;
				CLANG_WARN_BOOL_CONVERSION = YES;
				CLANG_WARN_CONSTANT_CONVERSION = YES;
				CLANG_WARN_DIRECT_OBJC_ISA_USAGE = YES_ERROR;
				CLANG_WARN_EMPTY_BODY = YES;
				CLANG_WARN_ENUM_CONVERSION = YES;
				CLANG_WARN_INT_CONVERSION = YES;
				CLANG_WARN_OBJC_ROOT_CLASS = YES_ERROR;
				CLANG_WARN_UNREACHABLE_CODE = YES;
				CLANG_WARN__DUPLICATE_METHOD_MATCH = YES;
				"CODE_SIGN_IDENTITY[sdk=iphoneos*]" = "iPhone Developer";
				COPY_PHASE_STRIP = NO;
				DEBUG_INFORMATION_FORMAT = "dwarf-with-dsym";
				ENABLE_NS_ASSERTIONS = NO;
				ENABLE_STRICT_OBJC_MSGSEND = YES;
				GCC_C_LANGUAGE_STANDARD = gnu99;
				GCC_NO_COMMON_BLOCKS = YES;
				GCC_WARN_64_TO_32_BIT_CONVERSION = YES;
				GCC_WARN_ABOUT_RETURN_TYPE = YES_ERROR;
				GCC_WARN_UNDECLARED_SELECTOR = YES;
				GCC_WARN_UNINITIALIZED_AUTOS = YES_AGGRESSIVE;
				GCC_WARN_UNUSED_FUNCTION = YES;
				GCC_WARN_UNUSED_VARIABLE = YES;
				IPHONEOS_DEPLOYMENT_TARGET = 10.0;
				MTL_ENABLE_DEBUG_INFO = NO;
				SDKROOT = iphoneos;
				VALIDATE_PRODUCT = YES;
			};
			name = Release;
		};
		18DB81781D22249100C3368E /* Debug */ = {
			isa = XCBuildConfiguration;
			buildSettings = {
				ASSETCATALOG_COMPILER_APPICON_NAME = AppIcon;
				INFOPLIST_FILE = gjjinswift/Info.plist;
				IPHONEOS_DEPLOYMENT_TARGET = 8.0;
				LD_RUNPATH_SEARCH_PATHS = "$(inherited) @executable_path/Frameworks";
				PRODUCT_BUNDLE_IDENTIFIER = com.qiatu.gjjinswift;
				PRODUCT_NAME = "$(TARGET_NAME)";
				SWIFT_VERSION = 3.0;
			};
			name = Debug;
		};
		18DB81791D22249100C3368E /* Release */ = {
			isa = XCBuildConfiguration;
			buildSettings = {
				ASSETCATALOG_COMPILER_APPICON_NAME = AppIcon;
				INFOPLIST_FILE = gjjinswift/Info.plist;
				IPHONEOS_DEPLOYMENT_TARGET = 8.0;
				LD_RUNPATH_SEARCH_PATHS = "$(inherited) @executable_path/Frameworks";
				PRODUCT_BUNDLE_IDENTIFIER = com.qiatu.gjjinswift;
				PRODUCT_NAME = "$(TARGET_NAME)";
				SWIFT_OPTIMIZATION_LEVEL = "-Owholemodule";
				SWIFT_VERSION = 3.0;
			};
			name = Release;
		};
		18DB817B1D22249100C3368E /* Debug */ = {
			isa = XCBuildConfiguration;
			buildSettings = {
				BUNDLE_LOADER = "$(TEST_HOST)";
				INFOPLIST_FILE = gjjinswiftTests/Info.plist;
				LD_RUNPATH_SEARCH_PATHS = "$(inherited) @executable_path/Frameworks @loader_path/Frameworks";
				PRODUCT_BUNDLE_IDENTIFIER = com.qiatu.gjjinswiftTests;
				PRODUCT_NAME = "$(TARGET_NAME)";
				SWIFT_VERSION = 3.0;
				TEST_HOST = "$(BUILT_PRODUCTS_DIR)/gjjinswift.app/gjjinswift";
			};
			name = Debug;
		};
		18DB817C1D22249100C3368E /* Release */ = {
			isa = XCBuildConfiguration;
			buildSettings = {
				BUNDLE_LOADER = "$(TEST_HOST)";
				INFOPLIST_FILE = gjjinswiftTests/Info.plist;
				LD_RUNPATH_SEARCH_PATHS = "$(inherited) @executable_path/Frameworks @loader_path/Frameworks";
				PRODUCT_BUNDLE_IDENTIFIER = com.qiatu.gjjinswiftTests;
				PRODUCT_NAME = "$(TARGET_NAME)";
				SWIFT_OPTIMIZATION_LEVEL = "-Owholemodule";
				SWIFT_VERSION = 3.0;
				TEST_HOST = "$(BUILT_PRODUCTS_DIR)/gjjinswift.app/gjjinswift";
			};
			name = Release;
		};
		18DB817E1D22249100C3368E /* Debug */ = {
			isa = XCBuildConfiguration;
			buildSettings = {
				INFOPLIST_FILE = gjjinswiftUITests/Info.plist;
				LD_RUNPATH_SEARCH_PATHS = "$(inherited) @executable_path/Frameworks @loader_path/Frameworks";
				PRODUCT_BUNDLE_IDENTIFIER = com.qiatu.gjjinswiftUITests;
				PRODUCT_NAME = "$(TARGET_NAME)";
				SWIFT_VERSION = 3.0;
				TEST_TARGET_NAME = gjjinswift;
			};
			name = Debug;
		};
		18DB817F1D22249100C3368E /* Release */ = {
			isa = XCBuildConfiguration;
			buildSettings = {
				INFOPLIST_FILE = gjjinswiftUITests/Info.plist;
				LD_RUNPATH_SEARCH_PATHS = "$(inherited) @executable_path/Frameworks @loader_path/Frameworks";
				PRODUCT_BUNDLE_IDENTIFIER = com.qiatu.gjjinswiftUITests;
				PRODUCT_NAME = "$(TARGET_NAME)";
				SWIFT_OPTIMIZATION_LEVEL = "-Owholemodule";
				SWIFT_VERSION = 3.0;
				TEST_TARGET_NAME = gjjinswift;
			};
			name = Release;
		};
/* End XCBuildConfiguration section */

/* Begin XCConfigurationList section */
		18DB814A1D22249000C3368E /* Build configuration list for PBXProject "gjjinswift" */ = {
			isa = XCConfigurationList;
			buildConfigurations = (
				18DB81751D22249100C3368E /* Debug */,
				18DB81761D22249100C3368E /* Release */,
			);
			defaultConfigurationIsVisible = 0;
			defaultConfigurationName = Release;
		};
		18DB81771D22249100C3368E /* Build configuration list for PBXNativeTarget "gjjinswift" */ = {
			isa = XCConfigurationList;
			buildConfigurations = (
				18DB81781D22249100C3368E /* Debug */,
				18DB81791D22249100C3368E /* Release */,
			);
			defaultConfigurationIsVisible = 0;
			defaultConfigurationName = Release;
		};
		18DB817A1D22249100C3368E /* Build configuration list for PBXNativeTarget "gjjinswiftTests" */ = {
			isa = XCConfigurationList;
			buildConfigurations = (
				18DB817B1D22249100C3368E /* Debug */,
				18DB817C1D22249100C3368E /* Release */,
			);
			defaultConfigurationIsVisible = 0;
			defaultConfigurationName = Release;
		};
		18DB817D1D22249100C3368E /* Build configuration list for PBXNativeTarget "gjjinswiftUITests" */ = {
			isa = XCConfigurationList;
			buildConfigurations = (
				18DB817E1D22249100C3368E /* Debug */,
				18DB817F1D22249100C3368E /* Release */,
			);
			defaultConfigurationIsVisible = 0;
			defaultConfigurationName = Release;
		};
/* End XCConfigurationList section */
	};
	rootObject = 18DB81471D22249000C3368E /* Project object */;
}
